// !$*UTF8*$!
{
	archiveVersion = 1;
	classes = {
	};
	objectVersion = 46;
	objects = {

/* Begin PBXBuildFile section */
		08B72E5D1A54F4C300A6885D /* main.m in Sources */ = {isa = PBXBuildFile; fileRef = 08B72E5C1A54F4C300A6885D /* main.m */; };
		08B72E601A54F4C300A6885D /* AppDelegate.m in Sources */ = {isa = PBXBuildFile; fileRef = 08B72E5F1A54F4C300A6885D /* AppDelegate.m */; };
		08B72E631A54F4C300A6885D /* ViewController.m in Sources */ = {isa = PBXBuildFile; fileRef = 08B72E621A54F4C300A6885D /* ViewController.m */; };
		08B72E661A54F4C300A6885D /* Main.storyboard in Resources */ = {isa = PBXBuildFile; fileRef = 08B72E641A54F4C300A6885D /* Main.storyboard */; };
		08B72E681A54F4C300A6885D /* Images.xcassets in Resources */ = {isa = PBXBuildFile; fileRef = 08B72E671A54F4C300A6885D /* Images.xcassets */; };
		08B72E6B1A54F4C300A6885D /* LaunchScreen.xib in Resources */ = {isa = PBXBuildFile; fileRef = 08B72E691A54F4C300A6885D /* LaunchScreen.xib */; };
		08B72E771A54F4C400A6885D /* openweathermapdemoTests.m in Sources */ = {isa = PBXBuildFile; fileRef = 08B72E761A54F4C400A6885D /* openweathermapdemoTests.m */; };
/* End PBXBuildFile section */

/* Begin PBXContainerItemProxy section */
		08B72E711A54F4C400A6885D /* PBXContainerItemProxy */ = {
			isa = PBXContainerItemProxy;
			containerPortal = 08B72E4F1A54F4C300A6885D /* Project object */;
			proxyType = 1;
			remoteGlobalIDString = 08B72E561A54F4C300A6885D;
			remoteInfo = openweathermapdemo;
		};
/* End PBXContainerItemProxy section */

/* Begin PBXFileReference section */
		08B72E571A54F4C300A6885D /* openweathermapdemo.app */ = {isa = PBXFileReference; explicitFileType = wrapper.application; includeInIndex = 0; path = openweathermapdemo.app; sourceTree = BUILT_PRODUCTS_DIR; };
		08B72E5B1A54F4C300A6885D /* Info.plist */ = {isa = PBXFileReference; lastKnownFileType = text.plist.xml; path = Info.plist; sourceTree = "<group>"; };
		08B72E5C1A54F4C300A6885D /* main.m */ = {isa = PBXFileReference; lastKnownFileType = sourcecode.c.objc; path = main.m; sourceTree = "<group>"; };
		08B72E5E1A54F4C300A6885D /* AppDelegate.h */ = {isa = PBXFileReference; lastKnownFileType = sourcecode.c.h; path = AppDelegate.h; sourceTree = "<group>"; };
		08B72E5F1A54F4C300A6885D /* AppDelegate.m */ = {isa = PBXFileReference; lastKnownFileType = sourcecode.c.objc; path = AppDelegate.m; sourceTree = "<group>"; };
		08B72E611A54F4C300A6885D /* ViewController.h */ = {isa = PBXFileReference; lastKnownFileType = sourcecode.c.h; path = ViewController.h; sourceTree = "<group>"; };
		08B72E621A54F4C300A6885D /* ViewController.m */ = {isa = PBXFileReference; lastKnownFileType = sourcecode.c.objc; path = ViewController.m; sourceTree = "<group>"; };
		08B72E651A54F4C300A6885D /* Base */ = {isa = PBXFileReference; lastKnownFileType = file.storyboard; name = Base; path = Base.lproj/Main.storyboard; sourceTree = "<group>"; };
		08B72E671A54F4C300A6885D /* Images.xcassets */ = {isa = PBXFileReference; lastKnownFileType = folder.assetcatalog; path = Images.xcassets; sourceTree = "<group>"; };
		08B72E6A1A54F4C300A6885D /* Base */ = {isa = PBXFileReference; lastKnownFileType = file.xib; name = Base; path = Base.lproj/LaunchScreen.xib; sourceTree = "<group>"; };
		08B72E701A54F4C400A6885D /* openweathermapdemoTests.xctest */ = {isa = PBXFileReference; explicitFileType = wrapper.cfbundle; includeInIndex = 0; path = openweathermapdemoTests.xctest; sourceTree = BUILT_PRODUCTS_DIR; };
		08B72E751A54F4C400A6885D /* Info.plist */ = {isa = PBXFileReference; lastKnownFileType = text.plist.xml; path = Info.plist; sourceTree = "<group>"; };
		08B72E761A54F4C400A6885D /* openweathermapdemoTests.m */ = {isa = PBXFileReference; lastKnownFileType = sourcecode.c.objc; path = openweathermapdemoTests.m; sourceTree = "<group>"; };
/* End PBXFileReference section */

/* Begin PBXFrameworksBuildPhase section */
		08B72E541A54F4C300A6885D /* Frameworks */ = {
			isa = PBXFrameworksBuildPhase;
			buildActionMask = 2147483647;
			files = (
			);
			runOnlyForDeploymentPostprocessing = 0;
		};
		08B72E6D1A54F4C400A6885D /* Frameworks */ = {
			isa = PBXFrameworksBuildPhase;
			buildActionMask = 2147483647;
			files = (
			);
			runOnlyForDeploymentPostprocessing = 0;
		};
/* End PBXFrameworksBuildPhase section */

/* Begin PBXGroup section */
		08B72E4E1A54F4C300A6885D = {
			isa = PBXGroup;
			children = (
				08B72E591A54F4C300A6885D /* openweathermapdemo */,
				08B72E731A54F4C400A6885D /* openweathermapdemoTests */,
				08B72E581A54F4C300A6885D /* Products */,
			);
			sourceTree = "<group>";
		};
		08B72E581A54F4C300A6885D /* Products */ = {
			isa = PBXGroup;
			children = (
				08B72E571A54F4C300A6885D /* openweathermapdemo.app */,
				08B72E701A54F4C400A6885D /* openweathermapdemoTests.xctest */,
			);
			name = Products;
			sourceTree = "<group>";
		};
		08B72E591A54F4C300A6885D /* openweathermapdemo */ = {
			isa = PBXGroup;
			children = (
				08B72E5E1A54F4C300A6885D /* AppDelegate.h */,
				08B72E5F1A54F4C300A6885D /* AppDelegate.m */,
				08B72E611A54F4C300A6885D /* ViewController.h */,
				08B72E621A54F4C300A6885D /* ViewController.m */,
				08B72E641A54F4C300A6885D /* Main.storyboard */,
				08B72E671A54F4C300A6885D /* Images.xcassets */,
				08B72E691A54F4C300A6885D /* LaunchScreen.xib */,
				08B72E5A1A54F4C300A6885D /* Supporting Files */,
			);
			path = openweathermapdemo;
			sourceTree = "<group>";
		};
		08B72E5A1A54F4C300A6885D /* Supporting Files */ = {
			isa = PBXGroup;
			children = (
				08B72E5B1A54F4C300A6885D /* Info.plist */,
				08B72E5C1A54F4C300A6885D /* main.m */,
			);
			name = "Supporting Files";
			sourceTree = "<group>";
		};
		08B72E731A54F4C400A6885D /* openweathermapdemoTests */ = {
			isa = PBXGroup;
			children = (
				08B72E761A54F4C400A6885D /* openweathermapdemoTests.m */,
				08B72E741A54F4C400A6885D /* Supporting Files */,
			);
			path = openweathermapdemoTests;
			sourceTree = "<group>";
		};
		08B72E741A54F4C400A6885D /* Supporting Files */ = {
			isa = PBXGroup;
			children = (
				08B72E751A54F4C400A6885D /* Info.plist */,
			);
			name = "Supporting Files";
			sourceTree = "<group>";
		};
/* End PBXGroup section */

/* Begin PBXNativeTarget section */
		08B72E561A54F4C300A6885D /* openweathermapdemo */ = {
			isa = PBXNativeTarget;
			buildConfigurationList = 08B72E7A1A54F4C400A6885D /* Build configuration list for PBXNativeTarget "openweathermapdemo" */;
			buildPhases = (
				08B72E531A54F4C300A6885D /* Sources */,
				08B72E541A54F4C300A6885D /* Frameworks */,
				08B72E551A54F4C300A6885D /* Resources */,
			);
			buildRules = (
			);
			dependencies = (
			);
			name = openweathermapdemo;
			productName = openweathermapdemo;
			productReference = 08B72E571A54F4C300A6885D /* openweathermapdemo.app */;
			productType = "com.apple.product-type.application";
		};
		08B72E6F1A54F4C400A6885D /* openweathermapdemoTests */ = {
			isa = PBXNativeTarget;
			buildConfigurationList = 08B72E7D1A54F4C400A6885D /* Build configuration list for PBXNativeTarget "openweathermapdemoTests" */;
			buildPhases = (
				08B72E6C1A54F4C400A6885D /* Sources */,
				08B72E6D1A54F4C400A6885D /* Frameworks */,
				08B72E6E1A54F4C400A6885D /* Resources */,
			);
			buildRules = (
			);
			dependencies = (
				08B72E721A54F4C400A6885D /* PBXTargetDependency */,
			);
			name = openweathermapdemoTests;
			productName = openweathermapdemoTests;
			productReference = 08B72E701A54F4C400A6885D /* openweathermapdemoTests.xctest */;
			productType = "com.apple.product-type.bundle.unit-test";
		};
/* End PBXNativeTarget section */

/* Begin PBXProject section */
		08B72E4F1A54F4C300A6885D /* Project object */ = {
			isa = PBXProject;
			attributes = {
				LastUpgradeCheck = 0610;
				ORGANIZATIONNAME = "Sujith Chandran";
				TargetAttributes = {
					08B72E561A54F4C300A6885D = {
						CreatedOnToolsVersion = 6.1;
					};
					08B72E6F1A54F4C400A6885D = {
						CreatedOnToolsVersion = 6.1;
						TestTargetID = 08B72E561A54F4C300A6885D;
					};
				};
			};
			buildConfigurationList = 08B72E521A54F4C300A6885D /* Build configuration list for PBXProject "openweathermapdemo" */;
			compatibilityVersion = "Xcode 3.2";
			developmentRegion = English;
			hasScannedForEncodings = 0;
			knownRegions = (
				en,
				Base,
			);
			mainGroup = 08B72E4E1A54F4C300A6885D;
			productRefGroup = 08B72E581A54F4C300A6885D /* Products */;
			projectDirPath = "";
			projectRoot = "";
			targets = (
				08B72E561A54F4C300A6885D /* openweathermapdemo */,
				08B72E6F1A54F4C400A6885D /* openweathermapdemoTests */,
			);
		};
/* End PBXProject section */

/* Begin PBXResourcesBuildPhase section */
		08B72E551A54F4C300A6885D /* Resources */ = {
			isa = PBXResourcesBuildPhase;
			buildActionMask = 2147483647;
			files = (
				08B72E661A54F4C300A6885D /* Main.storyboard in Resources */,
				08B72E6B1A54F4C300A6885D /* LaunchScreen.xib in Resources */,
				08B72E681A54F4C300A6885D /* Images.xcassets in Resources */,
			);
			runOnlyForDeploymentPostprocessing = 0;
		};
		08B72E6E1A54F4C400A6885D /* Resources */ = {
			isa = PBXResourcesBuildPhase;
			buildActionMask = 2147483647;
			files = (
			);
			runOnlyForDeploymentPostprocessing = 0;
		};
/* End PBXResourcesBuildPhase section */

/* Begin PBXSourcesBuildPhase section */
		08B72E531A54F4C300A6885D /* Sources */ = {
			isa = PBXSourcesBuildPhase;
			buildActionMask = 2147483647;
			files = (
				08B72E631A54F4C300A6885D /* ViewController.m in Sources */,
				08B72E601A54F4C300A6885D /* AppDelegate.m in Sources */,
				08B72E5D1A54F4C300A6885D /* main.m in Sources */,
			);
			runOnlyForDeploymentPostprocessing = 0;
		};
		08B72E6C1A54F4C400A6885D /* Sources */ = {
			isa = PBXSourcesBuildPhase;
			buildActionMask = 2147483647;
			files = (
				08B72E771A54F4C400A6885D /* openweathermapdemoTests.m in Sources */,
			);
			runOnlyForDeploymentPostprocessing = 0;
		};
/* End PBXSourcesBuildPhase section */

/* Begin PBXTargetDependency section */
		08B72E721A54F4C400A6885D /* PBXTargetDependency */ = {
			isa = PBXTargetDependency;
			target = 08B72E561A54F4C300A6885D /* openweathermapdemo */;
			targetProxy = 08B72E711A54F4C400A6885D /* PBXContainerItemProxy */;
		};
/* End PBXTargetDependency section */

/* Begin PBXVariantGroup section */
		08B72E641A54F4C300A6885D /* Main.storyboard */ = {
			isa = PBXVariantGroup;
			children = (
				08B72E651A54F4C300A6885D /* Base */,
			);
			name = Main.storyboard;
			sourceTree = "<group>";
		};
		08B72E691A54F4C300A6885D /* LaunchScreen.xib */ = {
			isa = PBXVariantGroup;
			children = (
				08B72E6A1A54F4C300A6885D /* Base */,
			);
			name = LaunchScreen.xib;
			sourceTree = "<group>";
		};
/* End PBXVariantGroup section */

/* Begin XCBuildConfiguration section */
		08B72E781A54F4C400A6885D /* Debug */ = {
			isa = XCBuildConfiguration;
			buildSettings = {
				ALWAYS_SEARCH_USER_PATHS = NO;
				CLANG_CXX_LANGUAGE_STANDARD = "gnu++0x";
				CLANG_CXX_LIBRARY = "libc++";
				CLANG_ENABLE_MODULES = YES;
				CLANG_ENABLE_OBJC_ARC = YES;
				CLANG_WARN_BOOL_CONVERSION = YES;
				CLANG_WARN_CONSTANT_CONVERSION = YES;
				CLANG_WARN_DIRECT_OBJC_ISA_USAGE = YES_ERROR;
				CLANG_WARN_EMPTY_BODY = YES;
				CLANG_WARN_ENUM_CONVERSION = YES;
				CLANG_WARN_INT_CONVERSION = YES;
				CLANG_WARN_OBJC_ROOT_CLASS = YES_ERROR;
				CLANG_WARN_UNREACHABLE_CODE = YES;
				CLANG_WARN__DUPLICATE_METHOD_MATCH = YES;
				"CODE_SIGN_IDENTITY[sdk=iphoneos*]" = "iPhone Developer";
				COPY_PHASE_STRIP = NO;
				ENABLE_STRICT_OBJC_MSGSEND = YES;
				GCC_C_LANGUAGE_STANDARD = gnu99;
				GCC_DYNAMIC_NO_PIC = NO;
				GCC_OPTIMIZATION_LEVEL = 0;
				GCC_PREPROCESSOR_DEFINITIONS = (
					"DEBUG=1",
					"$(inherited)",
				);
				GCC_SYMBOLS_PRIVATE_EXTERN = NO;
				GCC_WARN_64_TO_32_BIT_CONVERSION = YES;
				GCC_WARN_ABOUT_RETURN_TYPE = YES_ERROR;
				GCC_WARN_UNDECLARED_SELECTOR = YES;
				GCC_WARN_UNINITIALIZED_AUTOS = YES_AGGRESSIVE;
				GCC_WARN_UNUSED_FUNCTION = YES;
				GCC_WARN_UNUSED_VARIABLE = YES;
				IPHONEOS_DEPLOYMENT_TARGET = 8.1;
				MTL_ENABLE_DEBUG_INFO = YES;
				ONLY_ACTIVE_ARCH = YES;
				SDKROOT = iphoneos;
				TARGETED_DEVICE_FAMILY = "1,2";
			};
			name = Debug;
		};
		08B72E791A54F4C400A6885D /* Release */ = {
			isa = XCBuildConfiguration;
			buildSettings = {
				ALWAYS_SEARCH_USER_PATHS = NO;
				CLANG_CXX_LANGUAGE_STANDARD = "gnu++0x";
				CLANG_CXX_LIBRARY = "libc++";
				CLANG_ENABLE_MODULES = YES;
				CLANG_ENABLE_OBJC_ARC = YES;
				CLANG_WARN_BOOL_CONVERSION = YES;
				CLANG_WARN_CONSTANT_CONVERSION = YES;
				CLANG_WARN_DIRECT_OBJC_ISA_USAGE = YES_ERROR;
				CLANG_WARN_EMPTY_BODY = YES;
				CLANG_WARN_ENUM_CONVERSION = YES;
				CLANG_WARN_INT_CONVERSION = YES;
				CLANG_WARN_OBJC_ROOT_CLASS = YES_ERROR;
				CLANG_WARN_UNREACHABLE_CODE = YES;
				CLANG_WARN__DUPLICATE_METHOD_MATCH = YES;
				"CODE_SIGN_IDENTITY[sdk=iphoneos*]" = "iPhone Developer";
				COPY_PHASE_STRIP = YES;
				ENABLE_NS_ASSERTIONS = NO;
				ENABLE_STRICT_OBJC_MSGSEND = YES;
				GCC_C_LANGUAGE_STANDARD = gnu99;
				GCC_WARN_64_TO_32_BIT_CONVERSION = YES;
				GCC_WARN_ABOUT_RETURN_TYPE = YES_ERROR;
				GCC_WARN_UNDECLARED_SELECTOR = YES;
				GCC_WARN_UNINITIALIZED_AUTOS = YES_AGGRESSIVE;
				GCC_WARN_UNUSED_FUNCTION = YES;
				GCC_WARN_UNUSED_VARIABLE = YES;
				IPHONEOS_DEPLOYMENT_TARGET = 8.1;
				MTL_ENABLE_DEBUG_INFO = NO;
				SDKROOT = iphoneos;
				TARGETED_DEVICE_FAMILY = "1,2";
				VALIDATE_PRODUCT = YES;
			};
			name = Release;
		};
		08B72E7B1A54F4C400A6885D /* Debug */ = {
			isa = XCBuildConfiguration;
			buildSettings = {
				ASSETCATALOG_COMPILER_APPICON_NAME = AppIcon;
				INFOPLIST_FILE = openweathermapdemo/Info.plist;
				LD_RUNPATH_SEARCH_PATHS = "$(inherited) @executable_path/Frameworks";
				PRODUCT_NAME = "$(TARGET_NAME)";
			};
			name = Debug;
		};
		08B72E7C1A54F4C400A6885D /* Release */ = {
			isa = XCBuildConfiguration;
			buildSettings = {
				ASSETCATALOG_COMPILER_APPICON_NAME = AppIcon;
				INFOPLIST_FILE = openweathermapdemo/Info.plist;
				LD_RUNPATH_SEARCH_PATHS = "$(inherited) @executable_path/Frameworks";
				PRODUCT_NAME = "$(TARGET_NAME)";
			};
			name = Release;
		};
		08B72E7E1A54F4C400A6885D /* Debug */ = {
			isa = XCBuildConfiguration;
			buildSettings = {
				BUNDLE_LOADER = "$(TEST_HOST)";
				FRAMEWORK_SEARCH_PATHS = (
					"$(SDKROOT)/Developer/Library/Frameworks",
					"$(inherited)",
				);
				GCC_PREPROCESSOR_DEFINITIONS = (
					"DEBUG=1",
					"$(inherited)",
				);
				INFOPLIST_FILE = openweathermapdemoTests/Info.plist;
				LD_RUNPATH_SEARCH_PATHS = "$(inherited) @executable_path/Frameworks @loader_path/Frameworks";
				PRODUCT_NAME = "$(TARGET_NAME)";
				TEST_HOST = "$(BUILT_PRODUCTS_DIR)/openweathermapdemo.app/openweathermapdemo";
			};
			name = Debug;
		};
		08B72E7F1A54F4C400A6885D /* Release */ = {
			isa = XCBuildConfiguration;
			buildSettings = {
				BUNDLE_LOADER = "$(TEST_HOST)";
				FRAMEWORK_SEARCH_PATHS = (
					"$(SDKROOT)/Developer/Library/Frameworks",
					"$(inherited)",
				);
				INFOPLIST_FILE = openweathermapdemoTests/Info.plist;
				LD_RUNPATH_SEARCH_PATHS = "$(inherited) @executable_path/Frameworks @loader_path/Frameworks";
				PRODUCT_NAME = "$(TARGET_NAME)";
				TEST_HOST = "$(BUILT_PRODUCTS_DIR)/openweathermapdemo.app/openweathermapdemo";
			};
			name = Release;
		};
/* End XCBuildConfiguration section */

/* Begin XCConfigurationList section */
		08B72E521A54F4C300A6885D /* Build configuration list for PBXProject "openweathermapdemo" */ = {
			isa = XCConfigurationList;
			buildConfigurations = (
				08B72E781A54F4C400A6885D /* Debug */,
				08B72E791A54F4C400A6885D /* Release */,
			);
			defaultConfigurationIsVisible = 0;
			defaultConfigurationName = Release;
		};
		08B72E7A1A54F4C400A6885D /* Build configuration list for PBXNativeTarget "openweathermapdemo" */ = {
			isa = XCConfigurationList;
			buildConfigurations = (
				08B72E7B1A54F4C400A6885D /* Debug */,
				08B72E7C1A54F4C400A6885D /* Release */,
			);
			defaultConfigurationIsVisible = 0;
		};
		08B72E7D1A54F4C400A6885D /* Build configuration list for PBXNativeTarget "openweathermapdemoTests" */ = {
			isa = XCConfigurationList;
			buildConfigurations = (
				08B72E7E1A54F4C400A6885D /* Debug */,
				08B72E7F1A54F4C400A6885D /* Release */,
			);
			defaultConfigurationIsVisible = 0;
		};
/* End XCConfigurationList section */
	};
	rootObject = 08B72E4F1A54F4C300A6885D /* Project object */;
}
